
Microsoft Visual Studio Solution File, Format Version 12.00
# Visual Studio 15
VisualStudioVersion = 15.0.27130.2036
MinimumVisualStudioVersion = 10.0.40219.1
Project("{FAE04EC0-301F-11D3-BF4B-00C04F79EFBC}") = "CreationalFactoryPattern", "CreationalFactoryPattern\CreationalFactoryPattern.csproj", "{052159C9-102E-413A-95A0-221507567BB5}"
EndProject
Global
	GlobalSection(SolutionConfigurationPlatforms) = preSolution
		Debug|Any CPU = Debug|Any CPU
		Release|Any CPU = Release|Any CPU
	EndGlobalSection
	GlobalSection(ProjectConfigurationPlatforms) = postSolution
		{052159C9-102E-413A-95A0-221507567BB5}.Debug|Any CPU.ActiveCfg = Debug|Any CPU
		{052159C9-102E-413A-95A0-221507567BB5}.Debug|Any CPU.Build.0 = Debug|Any CPU
		{052159C9-102E-413A-95A0-221507567BB5}.Release|Any CPU.ActiveCfg = Release|Any CPU
		{052159C9-102E-413A-95A0-221507567BB5}.Release|Any CPU.Build.0 = Release|Any CPU
	EndGlobalSection
	GlobalSection(SolutionProperties) = preSolution
		HideSolutionNode = FALSE
	EndGlobalSection
	GlobalSection(ExtensibilityGlobals) = postSolution
		SolutionGuid = {AC854971-EAA5-45ED-B275-7F04209C6823}
	EndGlobalSection
EndGlobal
